
Microsoft Visual Studio Solution File, Format Version 12.00
# Visual Studio Version 16
VisualStudioVersion = 16.0.30204.135
MinimumVisualStudioVersion = 10.0.40219.1
Project("{9A19103F-16F7-4668-BE54-9A1E7A4F7556}") = "CE", "CE.csproj", "{287CDF71-B887-421C-BD71-67A194DC7DD8}"
EndProject
Global
	GlobalSection(SolutionConfigurationPlatforms) = preSolution
		Debug|Any CPU = Debug|Any CPU
		Release|Any CPU = Release|Any CPU
	EndGlobalSection
	GlobalSection(ProjectConfigurationPlatforms) = postSolution
		{287CDF71-B887-421C-BD71-67A194DC7DD8}.Debug|Any CPU.ActiveCfg = Debug|Any CPU
		{287CDF71-B887-421C-BD71-67A194DC7DD8}.Debug|Any CPU.Build.0 = Debug|Any CPU
		{287CDF71-B887-421C-BD71-67A194DC7DD8}.Release|Any CPU.ActiveCfg = Release|Any CPU
		{287CDF71-B887-421C-BD71-67A194DC7DD8}.Release|Any CPU.Build.0 = Release|Any CPU
	EndGlobalSection
	GlobalSection(SolutionProperties) = preSolution
		HideSolutionNode = FALSE
	EndGlobalSection
	GlobalSection(ExtensibilityGlobals) = postSolution
		SolutionGuid = {96A70318-15B2-4938-BCDC-D4F09C1DCABA}
	EndGlobalSection
EndGlobal
